
Microsoft Visual Studio Solution File, Format Version 12.00
# Visual Studio 15
VisualStudioVersion = 15.0.27130.2036
MinimumVisualStudioVersion = 10.0.40219.1
Project("{FAE04EC0-301F-11D3-BF4B-00C04F79EFBC}") = "TextAnalyzer", "TextAnalyzer\TextAnalyzer.csproj", "{3DB10A31-E02A-4C93-8D43-DC6B3FD61256}"
EndProject
Global
	GlobalSection(SolutionConfigurationPlatforms) = preSolution
		Debug|Any CPU = Debug|Any CPU
		Release|Any CPU = Release|Any CPU
	EndGlobalSection
	GlobalSection(ProjectConfigurationPlatforms) = postSolution
		{3DB10A31-E02A-4C93-8D43-DC6B3FD61256}.Debug|Any CPU.ActiveCfg = Debug|Any CPU
		{3DB10A31-E02A-4C93-8D43-DC6B3FD61256}.Debug|Any CPU.Build.0 = Debug|Any CPU
		{3DB10A31-E02A-4C93-8D43-DC6B3FD61256}.Release|Any CPU.ActiveCfg = Release|Any CPU
		{3DB10A31-E02A-4C93-8D43-DC6B3FD61256}.Release|Any CPU.Build.0 = Release|Any CPU
	EndGlobalSection
	GlobalSection(SolutionProperties) = preSolution
		HideSolutionNode = FALSE
	EndGlobalSection
	GlobalSection(ExtensibilityGlobals) = postSolution
		SolutionGuid = {9F0815F9-20D6-4899-94BC-07A86FABC8C1}
	EndGlobalSection
EndGlobal
